
Microsoft Visual Studio Solution File, Format Version 12.00
# Visual Studio 14
VisualStudioVersion = 14.0.24720.0
MinimumVisualStudioVersion = 10.0.40219.1
Project("{8BC9CEB8-8B4A-11D0-8D11-00A0C91BC942}") = "Game Shop - Part 1", "Game Shop - Part 1\Game Shop - Part 1.vcxproj", "{11CBB75A-B41D-45B7-BD32-FD960DE8A4FA}"
EndProject
Project("{8BC9CEB8-8B4A-11D0-8D11-00A0C91BC942}") = "Game Shop - Part 2", "Game Shop - Part 2\Game Shop - Part 2.vcxproj", "{6B231592-2D95-451A-8F1D-A0F334F94947}"
EndProject
Project("{8BC9CEB8-8B4A-11D0-8D11-00A0C91BC942}") = "Game Shop - Part 3", "Game Shop - Part 3\Game Shop - Part 3.vcxproj", "{0DC07B38-2DA4-49DC-9423-E69D22068EE8}"
EndProject
Project("{8BC9CEB8-8B4A-11D0-8D11-00A0C91BC942}") = "Game Shop - Part 4", "Game Shop - Part 4\Game Shop - Part 4.vcxproj", "{2B6FFC5D-C516-4C39-9B42-527BE7018661}"
EndProject
Project("{8BC9CEB8-8B4A-11D0-8D11-00A0C91BC942}") = "Game Shop - Part 5", "Game Shop - Part 5\Game Shop - Part 5.vcxproj", "{EB9074B2-D682-41B3-AF7F-894354E56E93}"
EndProject
Project("{8BC9CEB8-8B4A-11D0-8D11-00A0C91BC942}") = "Game Shop - Part 6", "Game Shop - Part 6\Game Shop - Part 6.vcxproj", "{076A1099-9BA3-498E-AEAE-00F024F4E2BC}"
EndProject
Project("{8BC9CEB8-8B4A-11D0-8D11-00A0C91BC942}") = "Game Shop - Part 7", "Game Shop - Part 7\Game Shop - Part 7.vcxproj", "{4597CF14-BF1D-43C6-A0AC-8E83171A2017}"
EndProject
Global
	GlobalSection(SolutionConfigurationPlatforms) = preSolution
		Debug|x64 = Debug|x64
		Debug|x86 = Debug|x86
		Release|x64 = Release|x64
		Release|x86 = Release|x86
	EndGlobalSection
	GlobalSection(ProjectConfigurationPlatforms) = postSolution
		{11CBB75A-B41D-45B7-BD32-FD960DE8A4FA}.Debug|x64.ActiveCfg = Debug|x64
		{11CBB75A-B41D-45B7-BD32-FD960DE8A4FA}.Debug|x64.Build.0 = Debug|x64
		{11CBB75A-B41D-45B7-BD32-FD960DE8A4FA}.Debug|x86.ActiveCfg = Debug|Win32
		{11CBB75A-B41D-45B7-BD32-FD960DE8A4FA}.Debug|x86.Build.0 = Debug|Win32
		{11CBB75A-B41D-45B7-BD32-FD960DE8A4FA}.Release|x64.ActiveCfg = Release|x64
		{11CBB75A-B41D-45B7-BD32-FD960DE8A4FA}.Release|x64.Build.0 = Release|x64
		{11CBB75A-B41D-45B7-BD32-FD960DE8A4FA}.Release|x86.ActiveCfg = Release|Win32
		{11CBB75A-B41D-45B7-BD32-FD960DE8A4FA}.Release|x86.Build.0 = Release|Win32
		{6B231592-2D95-451A-8F1D-A0F334F94947}.Debug|x64.ActiveCfg = Debug|x64
		{6B231592-2D95-451A-8F1D-A0F334F94947}.Debug|x64.Build.0 = Debug|x64
		{6B231592-2D95-451A-8F1D-A0F334F94947}.Debug|x86.ActiveCfg = Debug|Win32
		{6B231592-2D95-451A-8F1D-A0F334F94947}.Debug|x86.Build.0 = Debug|Win32
		{6B231592-2D95-451A-8F1D-A0F334F94947}.Release|x64.ActiveCfg = Release|x64
		{6B231592-2D95-451A-8F1D-A0F334F94947}.Release|x64.Build.0 = Release|x64
		{6B231592-2D95-451A-8F1D-A0F334F94947}.Release|x86.ActiveCfg = Release|Win32
		{6B231592-2D95-451A-8F1D-A0F334F94947}.Release|x86.Build.0 = Release|Win32
		{0DC07B38-2DA4-49DC-9423-E69D22068EE8}.Debug|x64.ActiveCfg = Debug|x64
		{0DC07B38-2DA4-49DC-9423-E69D22068EE8}.Debug|x64.Build.0 = Debug|x64
		{0DC07B38-2DA4-49DC-9423-E69D22068EE8}.Debug|x86.ActiveCfg = Debug|Win32
		{0DC07B38-2DA4-49DC-9423-E69D22068EE8}.Debug|x86.Build.0 = Debug|Win32
		{0DC07B38-2DA4-49DC-9423-E69D22068EE8}.Release|x64.ActiveCfg = Release|x64
		{0DC07B38-2DA4-49DC-9423-E69D22068EE8}.Release|x64.Build.0 = Release|x64
		{0DC07B38-2DA4-49DC-9423-E69D22068EE8}.Release|x86.ActiveCfg = Release|Win32
		{0DC07B38-2DA4-49DC-9423-E69D22068EE8}.Release|x86.Build.0 = Release|Win32
		{2B6FFC5D-C516-4C39-9B42-527BE7018661}.Debug|x64.ActiveCfg = Debug|x64
		{2B6FFC5D-C516-4C39-9B42-527BE7018661}.Debug|x64.Build.0 = Debug|x64
		{2B6FFC5D-C516-4C39-9B42-527BE7018661}.Debug|x86.ActiveCfg = Debug|Win32
		{2B6FFC5D-C516-4C39-9B42-527BE7018661}.Debug|x86.Build.0 = Debug|Win32
		{2B6FFC5D-C516-4C39-9B42-527BE7018661}.Release|x64.ActiveCfg = Release|x64
		{2B6FFC5D-C516-4C39-9B42-527BE7018661}.Release|x64.Build.0 = Release|x64
		{2B6FFC5D-C516-4C39-9B42-527BE7018661}.Release|x86.ActiveCfg = Release|Win32
		{2B6FFC5D-C516-4C39-9B42-527BE7018661}.Release|x86.Build.0 = Release|Win32
		{EB9074B2-D682-41B3-AF7F-894354E56E93}.Debug|x64.ActiveCfg = Debug|x64
		{EB9074B2-D682-41B3-AF7F-894354E56E93}.Debug|x64.Build.0 = Debug|x64
		{EB9074B2-D682-41B3-AF7F-894354E56E93}.Debug|x86.ActiveCfg = Debug|Win32
		{EB9074B2-D682-41B3-AF7F-894354E56E93}.Debug|x86.Build.0 = Debug|Win32
		{EB9074B2-D682-41B3-AF7F-894354E56E93}.Release|x64.ActiveCfg = Release|x64
		{EB9074B2-D682-41B3-AF7F-894354E56E93}.Release|x64.Build.0 = Release|x64
		{EB9074B2-D682-41B3-AF7F-894354E56E93}.Release|x86.ActiveCfg = Release|Win32
		{EB9074B2-D682-41B3-AF7F-894354E56E93}.Release|x86.Build.0 = Release|Win32
		{076A1099-9BA3-498E-AEAE-00F024F4E2BC}.Debug|x64.ActiveCfg = Debug|x64
		{076A1099-9BA3-498E-AEAE-00F024F4E2BC}.Debug|x64.Build.0 = Debug|x64
		{076A1099-9BA3-498E-AEAE-00F024F4E2BC}.Debug|x86.ActiveCfg = Debug|Win32
		{076A1099-9BA3-498E-AEAE-00F024F4E2BC}.Debug|x86.Build.0 = Debug|Win32
		{076A1099-9BA3-498E-AEAE-00F024F4E2BC}.Release|x64.ActiveCfg = Release|x64
		{076A1099-9BA3-498E-AEAE-00F024F4E2BC}.Release|x64.Build.0 = Release|x64
		{076A1099-9BA3-498E-AEAE-00F024F4E2BC}.Release|x86.ActiveCfg = Release|Win32
		{076A1099-9BA3-498E-AEAE-00F024F4E2BC}.Release|x86.Build.0 = Release|Win32
		{4597CF14-BF1D-43C6-A0AC-8E83171A2017}.Debug|x64.ActiveCfg = Debug|x64
		{4597CF14-BF1D-43C6-A0AC-8E83171A2017}.Debug|x64.Build.0 = Debug|x64
		{4597CF14-BF1D-43C6-A0AC-8E83171A2017}.Debug|x86.ActiveCfg = Debug|Win32
		{4597CF14-BF1D-43C6-A0AC-8E83171A2017}.Debug|x86.Build.0 = Debug|Win32
		{4597CF14-BF1D-43C6-A0AC-8E83171A2017}.Release|x64.ActiveCfg = Release|x64
		{4597CF14-BF1D-43C6-A0AC-8E83171A2017}.Release|x64.Build.0 = Release|x64
		{4597CF14-BF1D-43C6-A0AC-8E83171A2017}.Release|x86.ActiveCfg = Release|Win32
		{4597CF14-BF1D-43C6-A0AC-8E83171A2017}.Release|x86.Build.0 = Release|Win32
	EndGlobalSection
	GlobalSection(SolutionProperties) = preSolution
		HideSolutionNode = FALSE
	EndGlobalSection
EndGlobal
